// !$*UTF8*$!
{
	archiveVersion = 1;
	classes = {
	};
	objectVersion = 51;
	objects = {

/* Begin PBXBuildFile section */
		54A71D008303053AB3C9C528 /* Pods_CurrencyConverterTests.framework in Frameworks */ = {isa = PBXBuildFile; fileRef = 551560EF79B84475C7D470B6 /* Pods_CurrencyConverterTests.framework */; };
		AB948D6C4CD5280A13022587 /* Pods_CurrencyConverter.framework in Frameworks */ = {isa = PBXBuildFile; fileRef = 1221256B3ED89FB49915A71B /* Pods_CurrencyConverter.framework */; };
		B42E028D22B57FC50070C799 /* AppDelegate.swift in Sources */ = {isa = PBXBuildFile; fileRef = B42E028C22B57FC50070C799 /* AppDelegate.swift */; };
		B42E028F22B57FC50070C799 /* CurrencyVC.swift in Sources */ = {isa = PBXBuildFile; fileRef = B42E028E22B57FC50070C799 /* CurrencyVC.swift */; };
		B42E029222B57FC50070C799 /* Main.storyboard in Resources */ = {isa = PBXBuildFile; fileRef = B42E029022B57FC50070C799 /* Main.storyboard */; };
		B42E029422B57FC60070C799 /* Assets.xcassets in Resources */ = {isa = PBXBuildFile; fileRef = B42E029322B57FC60070C799 /* Assets.xcassets */; };
		B42E029722B57FC60070C799 /* LaunchScreen.storyboard in Resources */ = {isa = PBXBuildFile; fileRef = B42E029522B57FC60070C799 /* LaunchScreen.storyboard */; };
		B42E02A222B57FC60070C799 /* CurrencyConverterTests.swift in Sources */ = {isa = PBXBuildFile; fileRef = B42E02A122B57FC60070C799 /* CurrencyConverterTests.swift */; };
		B42E02B022B5821F0070C799 /* CurrencyModel.swift in Sources */ = {isa = PBXBuildFile; fileRef = B42E02AF22B5821F0070C799 /* CurrencyModel.swift */; };
		B42E02B222B5AA450070C799 /* currencyCell.swift in Sources */ = {isa = PBXBuildFile; fileRef = B42E02B122B5AA450070C799 /* currencyCell.swift */; };
		B49F80C12430CF4200DD299D /* Extension.swift in Sources */ = {isa = PBXBuildFile; fileRef = B49F80C02430CF4200DD299D /* Extension.swift */; };
		B49F80C3243113CD00DD299D /* NewCurrencyTableViewCell.swift in Sources */ = {isa = PBXBuildFile; fileRef = B49F80C2243113CD00DD299D /* NewCurrencyTableViewCell.swift */; };
		B4AD1289242FEA7B00DB24A6 /* RateViewController.swift in Sources */ = {isa = PBXBuildFile; fileRef = B4AD1288242FEA7B00DB24A6 /* RateViewController.swift */; };
		B4AD128B24301B7700DB24A6 /* CurrencyModelStruct.swift in Sources */ = {isa = PBXBuildFile; fileRef = B4AD128A24301B7700DB24A6 /* CurrencyModelStruct.swift */; };
		B4AD128D24302A4800DB24A6 /* CurrencyViewController.swift in Sources */ = {isa = PBXBuildFile; fileRef = B4AD128C24302A4800DB24A6 /* CurrencyViewController.swift */; };
/* End PBXBuildFile section */

/* Begin PBXContainerItemProxy section */
		B42E029E22B57FC60070C799 /* PBXContainerItemProxy */ = {
			isa = PBXContainerItemProxy;
			containerPortal = B42E028122B57FC50070C799 /* Project object */;
			proxyType = 1;
			remoteGlobalIDString = B42E028822B57FC50070C799;
			remoteInfo = CurrencyConverter;
		};
/* End PBXContainerItemProxy section */

/* Begin PBXFileReference section */
		1221256B3ED89FB49915A71B /* Pods_CurrencyConverter.framework */ = {isa = PBXFileReference; explicitFileType = wrapper.framework; includeInIndex = 0; path = Pods_CurrencyConverter.framework; sourceTree = BUILT_PRODUCTS_DIR; };
		3AFF7B334589138549910600 /* Pods-CurrencyConverterTests.release.xcconfig */ = {isa = PBXFileReference; includeInIndex = 1; lastKnownFileType = text.xcconfig; name = "Pods-CurrencyConverterTests.release.xcconfig"; path = "Target Support Files/Pods-CurrencyConverterTests/Pods-CurrencyConverterTests.release.xcconfig"; sourceTree = "<group>"; };
		551560EF79B84475C7D470B6 /* Pods_CurrencyConverterTests.framework */ = {isa = PBXFileReference; explicitFileType = wrapper.framework; includeInIndex = 0; path = Pods_CurrencyConverterTests.framework; sourceTree = BUILT_PRODUCTS_DIR; };
		6A6C2E82FE0F6419C1BB3C42 /* Pods-CurrencyConverter.release.xcconfig */ = {isa = PBXFileReference; includeInIndex = 1; lastKnownFileType = text.xcconfig; name = "Pods-CurrencyConverter.release.xcconfig"; path = "Target Support Files/Pods-CurrencyConverter/Pods-CurrencyConverter.release.xcconfig"; sourceTree = "<group>"; };
		9EA0AD699D1F0861185C2F5E /* Pods-CurrencyConverterTests.debug.xcconfig */ = {isa = PBXFileReference; includeInIndex = 1; lastKnownFileType = text.xcconfig; name = "Pods-CurrencyConverterTests.debug.xcconfig"; path = "Target Support Files/Pods-CurrencyConverterTests/Pods-CurrencyConverterTests.debug.xcconfig"; sourceTree = "<group>"; };
		B3C3111FCADF65C590BAB840 /* Pods-CurrencyConverter.debug.xcconfig */ = {isa = PBXFileReference; includeInIndex = 1; lastKnownFileType = text.xcconfig; name = "Pods-CurrencyConverter.debug.xcconfig"; path = "Target Support Files/Pods-CurrencyConverter/Pods-CurrencyConverter.debug.xcconfig"; sourceTree = "<group>"; };
		B42E028922B57FC50070C799 /* CurrencyConverter.app */ = {isa = PBXFileReference; explicitFileType = wrapper.application; includeInIndex = 0; path = CurrencyConverter.app; sourceTree = BUILT_PRODUCTS_DIR; };
		B42E028C22B57FC50070C799 /* AppDelegate.swift */ = {isa = PBXFileReference; lastKnownFileType = sourcecode.swift; path = AppDelegate.swift; sourceTree = "<group>"; };
		B42E028E22B57FC50070C799 /* CurrencyVC.swift */ = {isa = PBXFileReference; lastKnownFileType = sourcecode.swift; path = CurrencyVC.swift; sourceTree = "<group>"; };
		B42E029122B57FC50070C799 /* Base */ = {isa = PBXFileReference; lastKnownFileType = file.storyboard; name = Base; path = Base.lproj/Main.storyboard; sourceTree = "<group>"; };
		B42E029322B57FC60070C799 /* Assets.xcassets */ = {isa = PBXFileReference; lastKnownFileType = folder.assetcatalog; path = Assets.xcassets; sourceTree = "<group>"; };
		B42E029622B57FC60070C799 /* Base */ = {isa = PBXFileReference; lastKnownFileType = file.storyboard; name = Base; path = Base.lproj/LaunchScreen.storyboard; sourceTree = "<group>"; };
		B42E029822B57FC60070C799 /* Info.plist */ = {isa = PBXFileReference; lastKnownFileType = text.plist.xml; path = Info.plist; sourceTree = "<group>"; };
		B42E029D22B57FC60070C799 /* CurrencyConverterTests.xctest */ = {isa = PBXFileReference; explicitFileType = wrapper.cfbundle; includeInIndex = 0; path = CurrencyConverterTests.xctest; sourceTree = BUILT_PRODUCTS_DIR; };
		B42E02A122B57FC60070C799 /* CurrencyConverterTests.swift */ = {isa = PBXFileReference; lastKnownFileType = sourcecode.swift; path = CurrencyConverterTests.swift; sourceTree = "<group>"; };
		B42E02A322B57FC60070C799 /* Info.plist */ = {isa = PBXFileReference; lastKnownFileType = text.plist.xml; path = Info.plist; sourceTree = "<group>"; };
		B42E02AF22B5821F0070C799 /* CurrencyModel.swift */ = {isa = PBXFileReference; lastKnownFileType = sourcecode.swift; path = CurrencyModel.swift; sourceTree = "<group>"; };
		B42E02B122B5AA450070C799 /* currencyCell.swift */ = {isa = PBXFileReference; lastKnownFileType = sourcecode.swift; path = currencyCell.swift; sourceTree = "<group>"; };
		B49F80C02430CF4200DD299D /* Extension.swift */ = {isa = PBXFileReference; lastKnownFileType = sourcecode.swift; path = Extension.swift; sourceTree = "<group>"; };
		B49F80C2243113CD00DD299D /* NewCurrencyTableViewCell.swift */ = {isa = PBXFileReference; lastKnownFileType = sourcecode.swift; path = NewCurrencyTableViewCell.swift; sourceTree = "<group>"; };
		B4AD1288242FEA7B00DB24A6 /* RateViewController.swift */ = {isa = PBXFileReference; lastKnownFileType = sourcecode.swift; path = RateViewController.swift; sourceTree = "<group>"; };
		B4AD128A24301B7700DB24A6 /* CurrencyModelStruct.swift */ = {isa = PBXFileReference; lastKnownFileType = sourcecode.swift; path = CurrencyModelStruct.swift; sourceTree = "<group>"; };
		B4AD128C24302A4800DB24A6 /* CurrencyViewController.swift */ = {isa = PBXFileReference; lastKnownFileType = sourcecode.swift; path = CurrencyViewController.swift; sourceTree = "<group>"; };
/* End PBXFileReference section */

/* Begin PBXFrameworksBuildPhase section */
		B42E028622B57FC50070C799 /* Frameworks */ = {
			isa = PBXFrameworksBuildPhase;
			buildActionMask = 2147483647;
			files = (
				AB948D6C4CD5280A13022587 /* Pods_CurrencyConverter.framework in Frameworks */,
			);
			runOnlyForDeploymentPostprocessing = 0;
		};
		B42E029A22B57FC60070C799 /* Frameworks */ = {
			isa = PBXFrameworksBuildPhase;
			buildActionMask = 2147483647;
			files = (
				54A71D008303053AB3C9C528 /* Pods_CurrencyConverterTests.framework in Frameworks */,
			);
			runOnlyForDeploymentPostprocessing = 0;
		};
/* End PBXFrameworksBuildPhase section */

/* Begin PBXGroup section */
		A7CEF640B9C50FC6AB99609B /* Frameworks */ = {
			isa = PBXGroup;
			children = (
				1221256B3ED89FB49915A71B /* Pods_CurrencyConverter.framework */,
				551560EF79B84475C7D470B6 /* Pods_CurrencyConverterTests.framework */,
			);
			name = Frameworks;
			sourceTree = "<group>";
		};
		B42E028022B57FC50070C799 = {
			isa = PBXGroup;
			children = (
				B42E028B22B57FC50070C799 /* CurrencyConverter */,
				B42E02A022B57FC60070C799 /* CurrencyConverterTests */,
				B42E028A22B57FC50070C799 /* Products */,
				CE6F4EEE7276854AB1B64137 /* Pods */,
				A7CEF640B9C50FC6AB99609B /* Frameworks */,
			);
			sourceTree = "<group>";
		};
		B42E028A22B57FC50070C799 /* Products */ = {
			isa = PBXGroup;
			children = (
				B42E028922B57FC50070C799 /* CurrencyConverter.app */,
				B42E029D22B57FC60070C799 /* CurrencyConverterTests.xctest */,
			);
			name = Products;
			sourceTree = "<group>";
		};
		B42E028B22B57FC50070C799 /* CurrencyConverter */ = {
			isa = PBXGroup;
			children = (
				B49F80BF2430CF3300DD299D /* Extra */,
				B42E02AE22B581E20070C799 /* Controller */,
				B42E02AD22B581D80070C799 /* View */,
				B42E02AC22B581CF0070C799 /* Model */,
				B42E028C22B57FC50070C799 /* AppDelegate.swift */,
				B42E029022B57FC50070C799 /* Main.storyboard */,
				B42E029322B57FC60070C799 /* Assets.xcassets */,
				B42E029522B57FC60070C799 /* LaunchScreen.storyboard */,
				B42E029822B57FC60070C799 /* Info.plist */,
			);
			path = CurrencyConverter;
			sourceTree = "<group>";
		};
		B42E02A022B57FC60070C799 /* CurrencyConverterTests */ = {
			isa = PBXGroup;
			children = (
				B42E02A122B57FC60070C799 /* CurrencyConverterTests.swift */,
				B42E02A322B57FC60070C799 /* Info.plist */,
			);
			path = CurrencyConverterTests;
			sourceTree = "<group>";
		};
		B42E02AC22B581CF0070C799 /* Model */ = {
			isa = PBXGroup;
			children = (
				B42E02AF22B5821F0070C799 /* CurrencyModel.swift */,
				B4AD128A24301B7700DB24A6 /* CurrencyModelStruct.swift */,
			);
			path = Model;
			sourceTree = "<group>";
		};
		B42E02AD22B581D80070C799 /* View */ = {
			isa = PBXGroup;
			children = (
				B42E02B122B5AA450070C799 /* currencyCell.swift */,
				B49F80C2243113CD00DD299D /* NewCurrencyTableViewCell.swift */,
			);
			path = View;
			sourceTree = "<group>";
		};
		B42E02AE22B581E20070C799 /* Controller */ = {
			isa = PBXGroup;
			children = (
				B42E028E22B57FC50070C799 /* CurrencyVC.swift */,
				B4AD1288242FEA7B00DB24A6 /* RateViewController.swift */,
				B4AD128C24302A4800DB24A6 /* CurrencyViewController.swift */,
			);
			path = Controller;
			sourceTree = "<group>";
		};
		B49F80BF2430CF3300DD299D /* Extra */ = {
			isa = PBXGroup;
			children = (
				B49F80C02430CF4200DD299D /* Extension.swift */,
			);
			path = Extra;
			sourceTree = "<group>";
		};
		CE6F4EEE7276854AB1B64137 /* Pods */ = {
			isa = PBXGroup;
			children = (
				B3C3111FCADF65C590BAB840 /* Pods-CurrencyConverter.debug.xcconfig */,
				6A6C2E82FE0F6419C1BB3C42 /* Pods-CurrencyConverter.release.xcconfig */,
				9EA0AD699D1F0861185C2F5E /* Pods-CurrencyConverterTests.debug.xcconfig */,
				3AFF7B334589138549910600 /* Pods-CurrencyConverterTests.release.xcconfig */,
			);
			path = Pods;
			sourceTree = "<group>";
		};
/* End PBXGroup section */

/* Begin PBXNativeTarget section */
		B42E028822B57FC50070C799 /* CurrencyConverter */ = {
			isa = PBXNativeTarget;
			buildConfigurationList = B42E02A622B57FC60070C799 /* Build configuration list for PBXNativeTarget "CurrencyConverter" */;
			buildPhases = (
				EF336D8581B19C726745860F /* [CP] Check Pods Manifest.lock */,
				B42E028522B57FC50070C799 /* Sources */,
				B42E028622B57FC50070C799 /* Frameworks */,
				B42E028722B57FC50070C799 /* Resources */,
				9D2A6339DD6808CA2A2F4851 /* [CP] Embed Pods Frameworks */,
			);
			buildRules = (
			);
			dependencies = (
			);
			name = CurrencyConverter;
			productName = CurrencyConverter;
			productReference = B42E028922B57FC50070C799 /* CurrencyConverter.app */;
			productType = "com.apple.product-type.application";
		};
		B42E029C22B57FC60070C799 /* CurrencyConverterTests */ = {
			isa = PBXNativeTarget;
			buildConfigurationList = B42E02A922B57FC60070C799 /* Build configuration list for PBXNativeTarget "CurrencyConverterTests" */;
			buildPhases = (
				AFF4CF0856FA96767FC5BBD1 /* [CP] Check Pods Manifest.lock */,
				B42E029922B57FC60070C799 /* Sources */,
				B42E029A22B57FC60070C799 /* Frameworks */,
				B42E029B22B57FC60070C799 /* Resources */,
			);
			buildRules = (
			);
			dependencies = (
				B42E029F22B57FC60070C799 /* PBXTargetDependency */,
			);
			name = CurrencyConverterTests;
			productName = CurrencyConverterTests;
			productReference = B42E029D22B57FC60070C799 /* CurrencyConverterTests.xctest */;
			productType = "com.apple.product-type.bundle.unit-test";
		};
/* End PBXNativeTarget section */

/* Begin PBXProject section */
		B42E028122B57FC50070C799 /* Project object */ = {
			isa = PBXProject;
			attributes = {
				LastSwiftUpdateCheck = 1020;
				LastUpgradeCheck = 1020;
				ORGANIZATIONNAME = "Massimiliano Bonafede";
				TargetAttributes = {
					B42E028822B57FC50070C799 = {
						CreatedOnToolsVersion = 10.2.1;
					};
					B42E029C22B57FC60070C799 = {
						CreatedOnToolsVersion = 10.2.1;
						TestTargetID = B42E028822B57FC50070C799;
					};
				};
			};
			buildConfigurationList = B42E028422B57FC50070C799 /* Build configuration list for PBXProject "CurrencyConverter" */;
			compatibilityVersion = "Xcode 9.3";
			developmentRegion = en;
			hasScannedForEncodings = 0;
			knownRegions = (
				en,
				Base,
			);
			mainGroup = B42E028022B57FC50070C799;
			productRefGroup = B42E028A22B57FC50070C799 /* Products */;
			projectDirPath = "";
			projectRoot = "";
			targets = (
				B42E028822B57FC50070C799 /* CurrencyConverter */,
				B42E029C22B57FC60070C799 /* CurrencyConverterTests */,
			);
		};
/* End PBXProject section */

/* Begin PBXResourcesBuildPhase section */
		B42E028722B57FC50070C799 /* Resources */ = {
			isa = PBXResourcesBuildPhase;
			buildActionMask = 2147483647;
			files = (
				B42E029722B57FC60070C799 /* LaunchScreen.storyboard in Resources */,
				B42E029422B57FC60070C799 /* Assets.xcassets in Resources */,
				B42E029222B57FC50070C799 /* Main.storyboard in Resources */,
			);
			runOnlyForDeploymentPostprocessing = 0;
		};
		B42E029B22B57FC60070C799 /* Resources */ = {
			isa = PBXResourcesBuildPhase;
			buildActionMask = 2147483647;
			files = (
			);
			runOnlyForDeploymentPostprocessing = 0;
		};
/* End PBXResourcesBuildPhase section */

/* Begin PBXShellScriptBuildPhase section */
		9D2A6339DD6808CA2A2F4851 /* [CP] Embed Pods Frameworks */ = {
			isa = PBXShellScriptBuildPhase;
			buildActionMask = 2147483647;
			files = (
			);
			inputFileListPaths = (
				"${PODS_ROOT}/Target Support Files/Pods-CurrencyConverter/Pods-CurrencyConverter-frameworks-${CONFIGURATION}-input-files.xcfilelist",
			);
			name = "[CP] Embed Pods Frameworks";
			outputFileListPaths = (
				"${PODS_ROOT}/Target Support Files/Pods-CurrencyConverter/Pods-CurrencyConverter-frameworks-${CONFIGURATION}-output-files.xcfilelist",
			);
			runOnlyForDeploymentPostprocessing = 0;
			shellPath = /bin/sh;
			shellScript = "\"${PODS_ROOT}/Target Support Files/Pods-CurrencyConverter/Pods-CurrencyConverter-frameworks.sh\"\n";
			showEnvVarsInLog = 0;
		};
		AFF4CF0856FA96767FC5BBD1 /* [CP] Check Pods Manifest.lock */ = {
			isa = PBXShellScriptBuildPhase;
			buildActionMask = 2147483647;
			files = (
			);
			inputFileListPaths = (
			);
			inputPaths = (
				"${PODS_PODFILE_DIR_PATH}/Podfile.lock",
				"${PODS_ROOT}/Manifest.lock",
			);
			name = "[CP] Check Pods Manifest.lock";
			outputFileListPaths = (
			);
			outputPaths = (
				"$(DERIVED_FILE_DIR)/Pods-CurrencyConverterTests-checkManifestLockResult.txt",
			);
			runOnlyForDeploymentPostprocessing = 0;
			shellPath = /bin/sh;
			shellScript = "diff \"${PODS_PODFILE_DIR_PATH}/Podfile.lock\" \"${PODS_ROOT}/Manifest.lock\" > /dev/null\nif [ $? != 0 ] ; then\n    # print error to STDERR\n    echo \"error: The sandbox is not in sync with the Podfile.lock. Run 'pod install' or update your CocoaPods installation.\" >&2\n    exit 1\nfi\n# This output is used by Xcode 'outputs' to avoid re-running this script phase.\necho \"SUCCESS\" > \"${SCRIPT_OUTPUT_FILE_0}\"\n";
			showEnvVarsInLog = 0;
		};
		EF336D8581B19C726745860F /* [CP] Check Pods Manifest.lock */ = {
			isa = PBXShellScriptBuildPhase;
			buildActionMask = 2147483647;
			files = (
			);
			inputFileListPaths = (
			);
			inputPaths = (
				"${PODS_PODFILE_DIR_PATH}/Podfile.lock",
				"${PODS_ROOT}/Manifest.lock",
			);
			name = "[CP] Check Pods Manifest.lock";
			outputFileListPaths = (
			);
			outputPaths = (
				"$(DERIVED_FILE_DIR)/Pods-CurrencyConverter-checkManifestLockResult.txt",
			);
			runOnlyForDeploymentPostprocessing = 0;
			shellPath = /bin/sh;
			shellScript = "diff \"${PODS_PODFILE_DIR_PATH}/Podfile.lock\" \"${PODS_ROOT}/Manifest.lock\" > /dev/null\nif [ $? != 0 ] ; then\n    # print error to STDERR\n    echo \"error: The sandbox is not in sync with the Podfile.lock. Run 'pod install' or update your CocoaPods installation.\" >&2\n    exit 1\nfi\n# This output is used by Xcode 'outputs' to avoid re-running this script phase.\necho \"SUCCESS\" > \"${SCRIPT_OUTPUT_FILE_0}\"\n";
			showEnvVarsInLog = 0;
		};
/* End PBXShellScriptBuildPhase section */

/* Begin PBXSourcesBuildPhase section */
		B42E028522B57FC50070C799 /* Sources */ = {
			isa = PBXSourcesBuildPhase;
			buildActionMask = 2147483647;
			files = (
				B42E02B222B5AA450070C799 /* currencyCell.swift in Sources */,
				B42E028F22B57FC50070C799 /* CurrencyVC.swift in Sources */,
				B42E028D22B57FC50070C799 /* AppDelegate.swift in Sources */,
				B4AD128D24302A4800DB24A6 /* CurrencyViewController.swift in Sources */,
				B4AD128B24301B7700DB24A6 /* CurrencyModelStruct.swift in Sources */,
				B4AD1289242FEA7B00DB24A6 /* RateViewController.swift in Sources */,
				B42E02B022B5821F0070C799 /* CurrencyModel.swift in Sources */,
				B49F80C12430CF4200DD299D /* Extension.swift in Sources */,
				B49F80C3243113CD00DD299D /* NewCurrencyTableViewCell.swift in Sources */,
			);
			runOnlyForDeploymentPostprocessing = 0;
		};
		B42E029922B57FC60070C799 /* Sources */ = {
			isa = PBXSourcesBuildPhase;
			buildActionMask = 2147483647;
			files = (
				B42E02A222B57FC60070C799 /* CurrencyConverterTests.swift in Sources */,
			);
			runOnlyForDeploymentPostprocessing = 0;
		};
/* End PBXSourcesBuildPhase section */

/* Begin PBXTargetDependency section */
		B42E029F22B57FC60070C799 /* PBXTargetDependency */ = {
			isa = PBXTargetDependency;
			target = B42E028822B57FC50070C799 /* CurrencyConverter */;
			targetProxy = B42E029E22B57FC60070C799 /* PBXContainerItemProxy */;
		};
/* End PBXTargetDependency section */

/* Begin PBXVariantGroup section */
		B42E029022B57FC50070C799 /* Main.storyboard */ = {
			isa = PBXVariantGroup;
			children = (
				B42E029122B57FC50070C799 /* Base */,
			);
			name = Main.storyboard;
			sourceTree = "<group>";
		};
		B42E029522B57FC60070C799 /* LaunchScreen.storyboard */ = {
			isa = PBXVariantGroup;
			children = (
				B42E029622B57FC60070C799 /* Base */,
			);
			name = LaunchScreen.storyboard;
			sourceTree = "<group>";
		};
/* End PBXVariantGroup section */

/* Begin XCBuildConfiguration section */
		B42E02A422B57FC60070C799 /* Debug */ = {
			isa = XCBuildConfiguration;
			buildSettings = {
				ALWAYS_SEARCH_USER_PATHS = NO;
				CLANG_ANALYZER_NONNULL = YES;
				CLANG_ANALYZER_NUMBER_OBJECT_CONVERSION = YES_AGGRESSIVE;
				CLANG_CXX_LANGUAGE_STANDARD = "gnu++14";
				CLANG_CXX_LIBRARY = "libc++";
				CLANG_ENABLE_MODULES = YES;
				CLANG_ENABLE_OBJC_ARC = YES;
				CLANG_ENABLE_OBJC_WEAK = YES;
				CLANG_WARN_BLOCK_CAPTURE_AUTORELEASING = YES;
				CLANG_WARN_BOOL_CONVERSION = YES;
				CLANG_WARN_COMMA = YES;
				CLANG_WARN_CONSTANT_CONVERSION = YES;
				CLANG_WARN_DEPRECATED_OBJC_IMPLEMENTATIONS = YES;
				CLANG_WARN_DIRECT_OBJC_ISA_USAGE = YES_ERROR;
				CLANG_WARN_DOCUMENTATION_COMMENTS = YES;
				CLANG_WARN_EMPTY_BODY = YES;
				CLANG_WARN_ENUM_CONVERSION = YES;
				CLANG_WARN_INFINITE_RECURSION = YES;
				CLANG_WARN_INT_CONVERSION = YES;
				CLANG_WARN_NON_LITERAL_NULL_CONVERSION = YES;
				CLANG_WARN_OBJC_IMPLICIT_RETAIN_SELF = YES;
				CLANG_WARN_OBJC_LITERAL_CONVERSION = YES;
				CLANG_WARN_OBJC_ROOT_CLASS = YES_ERROR;
				CLANG_WARN_RANGE_LOOP_ANALYSIS = YES;
				CLANG_WARN_STRICT_PROTOTYPES = YES;
				CLANG_WARN_SUSPICIOUS_MOVE = YES;
				CLANG_WARN_UNGUARDED_AVAILABILITY = YES_AGGRESSIVE;
				CLANG_WARN_UNREACHABLE_CODE = YES;
				CLANG_WARN__DUPLICATE_METHOD_MATCH = YES;
				CODE_SIGN_IDENTITY = "iPhone Developer";
				COPY_PHASE_STRIP = NO;
				DEBUG_INFORMATION_FORMAT = dwarf;
				ENABLE_STRICT_OBJC_MSGSEND = YES;
				ENABLE_TESTABILITY = YES;
				GCC_C_LANGUAGE_STANDARD = gnu11;
				GCC_DYNAMIC_NO_PIC = NO;
				GCC_NO_COMMON_BLOCKS = YES;
				GCC_OPTIMIZATION_LEVEL = 0;
				GCC_PREPROCESSOR_DEFINITIONS = (
					"DEBUG=1",
					"$(inherited)",
				);
				GCC_WARN_64_TO_32_BIT_CONVERSION = YES;
				GCC_WARN_ABOUT_RETURN_TYPE = YES_ERROR;
				GCC_WARN_UNDECLARED_SELECTOR = YES;
				GCC_WARN_UNINITIALIZED_AUTOS = YES_AGGRESSIVE;
				GCC_WARN_UNUSED_FUNCTION = YES;
				GCC_WARN_UNUSED_VARIABLE = YES;
				IPHONEOS_DEPLOYMENT_TARGET = 12.2;
				MTL_ENABLE_DEBUG_INFO = INCLUDE_SOURCE;
				MTL_FAST_MATH = YES;
				ONLY_ACTIVE_ARCH = YES;
				SDKROOT = iphoneos;
				SWIFT_ACTIVE_COMPILATION_CONDITIONS = DEBUG;
				SWIFT_OPTIMIZATION_LEVEL = "-Onone";
			};
			name = Debug;
		};
		B42E02A522B57FC60070C799 /* Release */ = {
			isa = XCBuildConfiguration;
			buildSettings = {
				ALWAYS_SEARCH_USER_PATHS = NO;
				CLANG_ANALYZER_NONNULL = YES;
				CLANG_ANALYZER_NUMBER_OBJECT_CONVERSION = YES_AGGRESSIVE;
				CLANG_CXX_LANGUAGE_STANDARD = "gnu++14";
				CLANG_CXX_LIBRARY = "libc++";
				CLANG_ENABLE_MODULES = YES;
				CLANG_ENABLE_OBJC_ARC = YES;
				CLANG_ENABLE_OBJC_WEAK = YES;
				CLANG_WARN_BLOCK_CAPTURE_AUTORELEASING = YES;
				CLANG_WARN_BOOL_CONVERSION = YES;
				CLANG_WARN_COMMA = YES;
				CLANG_WARN_CONSTANT_CONVERSION = YES;
				CLANG_WARN_DEPRECATED_OBJC_IMPLEMENTATIONS = YES;
				CLANG_WARN_DIRECT_OBJC_ISA_USAGE = YES_ERROR;
				CLANG_WARN_DOCUMENTATION_COMMENTS = YES;
				CLANG_WARN_EMPTY_BODY = YES;
				CLANG_WARN_ENUM_CONVERSION = YES;
				CLANG_WARN_INFINITE_RECURSION = YES;
				CLANG_WARN_INT_CONVERSION = YES;
				CLANG_WARN_NON_LITERAL_NULL_CONVERSION = YES;
				CLANG_WARN_OBJC_IMPLICIT_RETAIN_SELF = YES;
				CLANG_WARN_OBJC_LITERAL_CONVERSION = YES;
				CLANG_WARN_OBJC_ROOT_CLASS = YES_ERROR;
				CLANG_WARN_RANGE_LOOP_ANALYSIS = YES;
				CLANG_WARN_STRICT_PROTOTYPES = YES;
				CLANG_WARN_SUSPICIOUS_MOVE = YES;
				CLANG_WARN_UNGUARDED_AVAILABILITY = YES_AGGRESSIVE;
				CLANG_WARN_UNREACHABLE_CODE = YES;
				CLANG_WARN__DUPLICATE_METHOD_MATCH = YES;
				CODE_SIGN_IDENTITY = "iPhone Developer";
				COPY_PHASE_STRIP = NO;
				DEBUG_INFORMATION_FORMAT = "dwarf-with-dsym";
				ENABLE_NS_ASSERTIONS = NO;
				ENABLE_STRICT_OBJC_MSGSEND = YES;
				GCC_C_LANGUAGE_STANDARD = gnu11;
				GCC_NO_COMMON_BLOCKS = YES;
				GCC_WARN_64_TO_32_BIT_CONVERSION = YES;
				GCC_WARN_ABOUT_RETURN_TYPE = YES_ERROR;
				GCC_WARN_UNDECLARED_SELECTOR = YES;
				GCC_WARN_UNINITIALIZED_AUTOS = YES_AGGRESSIVE;
				GCC_WARN_UNUSED_FUNCTION = YES;
				GCC_WARN_UNUSED_VARIABLE = YES;
				IPHONEOS_DEPLOYMENT_TARGET = 12.2;
				MTL_ENABLE_DEBUG_INFO = NO;
				MTL_FAST_MATH = YES;
				SDKROOT = iphoneos;
				SWIFT_COMPILATION_MODE = wholemodule;
				SWIFT_OPTIMIZATION_LEVEL = "-O";
				VALIDATE_PRODUCT = YES;
			};
			name = Release;
		};
		B42E02A722B57FC60070C799 /* Debug */ = {
			isa = XCBuildConfiguration;
			baseConfigurationReference = B3C3111FCADF65C590BAB840 /* Pods-CurrencyConverter.debug.xcconfig */;
			buildSettings = {
				ASSETCATALOG_COMPILER_APPICON_NAME = AppIcon;
				CODE_SIGN_STYLE = Automatic;
				DEVELOPMENT_TEAM = KYHT7H6MRT;
				INFOPLIST_FILE = CurrencyConverter/Info.plist;
				LD_RUNPATH_SEARCH_PATHS = (
					"$(inherited)",
					"@executable_path/Frameworks",
				);
				PRODUCT_BUNDLE_IDENTIFIER = com.wordpress.massimilianobonafedeiosdeveloper.CurrencyConverter;
				PRODUCT_NAME = "$(TARGET_NAME)";
				SWIFT_VERSION = 5.0;
				TARGETED_DEVICE_FAMILY = "1,2";
			};
			name = Debug;
		};
		B42E02A822B57FC60070C799 /* Release */ = {
			isa = XCBuildConfiguration;
			baseConfigurationReference = 6A6C2E82FE0F6419C1BB3C42 /* Pods-CurrencyConverter.release.xcconfig */;
			buildSettings = {
				ASSETCATALOG_COMPILER_APPICON_NAME = AppIcon;
				CODE_SIGN_STYLE = Automatic;
				DEVELOPMENT_TEAM = KYHT7H6MRT;
				INFOPLIST_FILE = CurrencyConverter/Info.plist;
				LD_RUNPATH_SEARCH_PATHS = (
					"$(inherited)",
					"@executable_path/Frameworks",
				);
				PRODUCT_BUNDLE_IDENTIFIER = com.wordpress.massimilianobonafedeiosdeveloper.CurrencyConverter;
				PRODUCT_NAME = "$(TARGET_NAME)";
				SWIFT_VERSION = 5.0;
				TARGETED_DEVICE_FAMILY = "1,2";
			};
			name = Release;
		};
		B42E02AA22B57FC60070C799 /* Debug */ = {
			isa = XCBuildConfiguration;
			baseConfigurationReference = 9EA0AD699D1F0861185C2F5E /* Pods-CurrencyConverterTests.debug.xcconfig */;
			buildSettings = {
				ALWAYS_EMBED_SWIFT_STANDARD_LIBRARIES = YES;
				BUNDLE_LOADER = "$(TEST_HOST)";
				CODE_SIGN_STYLE = Automatic;
				DEVELOPMENT_TEAM = KYHT7H6MRT;
				INFOPLIST_FILE = CurrencyConverterTests/Info.plist;
				LD_RUNPATH_SEARCH_PATHS = (
					"$(inherited)",
					"@executable_path/Frameworks",
					"@loader_path/Frameworks",
				);
				PRODUCT_BUNDLE_IDENTIFIER = com.wordpress.massimilianobonafedeiosdeveloper.CurrencyConverterTests;
				PRODUCT_NAME = "$(TARGET_NAME)";
				SWIFT_VERSION = 5.0;
				TARGETED_DEVICE_FAMILY = "1,2";
				TEST_HOST = "$(BUILT_PRODUCTS_DIR)/CurrencyConverter.app/CurrencyConverter";
			};
			name = Debug;
		};
		B42E02AB22B57FC60070C799 /* Release */ = {
			isa = XCBuildConfiguration;
			baseConfigurationReference = 3AFF7B334589138549910600 /* Pods-CurrencyConverterTests.release.xcconfig */;
			buildSettings = {
				ALWAYS_EMBED_SWIFT_STANDARD_LIBRARIES = YES;
				BUNDLE_LOADER = "$(TEST_HOST)";
				CODE_SIGN_STYLE = Automatic;
				DEVELOPMENT_TEAM = KYHT7H6MRT;
				INFOPLIST_FILE = CurrencyConverterTests/Info.plist;
				LD_RUNPATH_SEARCH_PATHS = (
					"$(inherited)",
					"@executable_path/Frameworks",
					"@loader_path/Frameworks",
				);
				PRODUCT_BUNDLE_IDENTIFIER = com.wordpress.massimilianobonafedeiosdeveloper.CurrencyConverterTests;
				PRODUCT_NAME = "$(TARGET_NAME)";
				SWIFT_VERSION = 5.0;
				TARGETED_DEVICE_FAMILY = "1,2";
				TEST_HOST = "$(BUILT_PRODUCTS_DIR)/CurrencyConverter.app/CurrencyConverter";
			};
			name = Release;
		};
/* End XCBuildConfiguration section */

/* Begin XCConfigurationList section */
		B42E028422B57FC50070C799 /* Build configuration list for PBXProject "CurrencyConverter" */ = {
			isa = XCConfigurationList;
			buildConfigurations = (
				B42E02A422B57FC60070C799 /* Debug */,
				B42E02A522B57FC60070C799 /* Release */,
			);
			defaultConfigurationIsVisible = 0;
			defaultConfigurationName = Release;
		};
		B42E02A622B57FC60070C799 /* Build configuration list for PBXNativeTarget "CurrencyConverter" */ = {
			isa = XCConfigurationList;
			buildConfigurations = (
				B42E02A722B57FC60070C799 /* Debug */,
				B42E02A822B57FC60070C799 /* Release */,
			);
			defaultConfigurationIsVisible = 0;
			defaultConfigurationName = Release;
		};
		B42E02A922B57FC60070C799 /* Build configuration list for PBXNativeTarget "CurrencyConverterTests" */ = {
			isa = XCConfigurationList;
			buildConfigurations = (
				B42E02AA22B57FC60070C799 /* Debug */,
				B42E02AB22B57FC60070C799 /* Release */,
			);
			defaultConfigurationIsVisible = 0;
			defaultConfigurationName = Release;
		};
/* End XCConfigurationList section */
	};
	rootObject = B42E028122B57FC50070C799 /* Project object */;
}
